
Microsoft Visual Studio Solution File, Format Version 12.00
# Visual Studio Version 17
VisualStudioVersion = 17.0.31919.166
MinimumVisualStudioVersion = 10.0.40219.1
Project("{9A19103F-16F7-4668-BE54-9A1E7A4F7556}") = "LolipWikiWebApplication", "LolipWikiWebApplication\LolipWikiWebApplication.csproj", "{4D7399AF-59AF-4D3D-BE03-A0A257488FFF}"
EndProject
Project("{9A19103F-16F7-4668-BE54-9A1E7A4F7556}") = "LolipWikiWebApplication.BusinessLogic", "LolipWikiWebApplication.BusinessLogic\LolipWikiWebApplication.BusinessLogic.csproj", "{AED71F2D-07F4-4C2D-8D4B-83784640D6E4}"
EndProject
Project("{9A19103F-16F7-4668-BE54-9A1E7A4F7556}") = "LolipWikiWebApplication.DataAccess", "LolipWikiWebApplication.DataAccess\LolipWikiWebApplication.DataAccess.csproj", "{9EC7EE29-DEAF-4390-A2E5-9917FAD9907B}"
EndProject
Project("{9A19103F-16F7-4668-BE54-9A1E7A4F7556}") = "EntityFrameworkMigrationGeneratorConsoleApp", "EntityFrameworkMigrationGeneratorConsoleApp\EntityFrameworkMigrationGeneratorConsoleApp.csproj", "{EF1D110E-E00C-4171-B496-4E2198CD0234}"
EndProject
Project("{9A19103F-16F7-4668-BE54-9A1E7A4F7556}") = "LolipWikiWebApplication.BusinessLogic.Model", "LolipWikiWebApplication.BusinessLogic.Model\LolipWikiWebApplication.BusinessLogic.Model.csproj", "{9D0C6689-87DB-4232-82FA-18580DAA4E35}"
EndProject
Project("{2150E333-8FDC-42A3-9474-1A3956D46DE8}") = "Solution Items", "Solution Items", "{5A6BDBD4-EB8C-4F3A-BA03-68323E51262B}"
	ProjectSection(SolutionItems) = preProject
		GlobalAssemblyInfo.xml = GlobalAssemblyInfo.xml
	EndProjectSection
EndProject
Project("{9A19103F-16F7-4668-BE54-9A1E7A4F7556}") = "LolipWikiWebApplication.BusinessLogic.TwitchClient", "LolipWikiWebApplication.BusinessLogic.TwitchClient\LolipWikiWebApplication.BusinessLogic.TwitchClient.csproj", "{C29B33F0-ABA2-464D-A802-BC42DD73ED94}"
EndProject
Project("{2150E333-8FDC-42A3-9474-1A3956D46DE8}") = "Tests", "Tests", "{85BE030C-B394-4049-810A-A53C3CB13C1D}"
EndProject
Project("{FAE04EC0-301F-11D3-BF4B-00C04F79EFBC}") = "Test.LolipWikiWebApplication.BusinessLogic.TwitchClient", "Test.LolipWikiWebApplication.BusinessLogic.TwitchClient\Test.LolipWikiWebApplication.BusinessLogic.TwitchClient.csproj", "{7FDD3AB1-6288-498A-A0C6-729F734CF2D7}"
EndProject
Global
	GlobalSection(SolutionConfigurationPlatforms) = preSolution
		Debug|Any CPU = Debug|Any CPU
		Release|Any CPU = Release|Any CPU
	EndGlobalSection
	GlobalSection(ProjectConfigurationPlatforms) = postSolution
		{4D7399AF-59AF-4D3D-BE03-A0A257488FFF}.Debug|Any CPU.ActiveCfg = Debug|Any CPU
		{4D7399AF-59AF-4D3D-BE03-A0A257488FFF}.Debug|Any CPU.Build.0 = Debug|Any CPU
		{4D7399AF-59AF-4D3D-BE03-A0A257488FFF}.Release|Any CPU.ActiveCfg = Release|Any CPU
		{4D7399AF-59AF-4D3D-BE03-A0A257488FFF}.Release|Any CPU.Build.0 = Release|Any CPU
		{AED71F2D-07F4-4C2D-8D4B-83784640D6E4}.Debug|Any CPU.ActiveCfg = Debug|Any CPU
		{AED71F2D-07F4-4C2D-8D4B-83784640D6E4}.Debug|Any CPU.Build.0 = Debug|Any CPU
		{AED71F2D-07F4-4C2D-8D4B-83784640D6E4}.Release|Any CPU.ActiveCfg = Release|Any CPU
		{AED71F2D-07F4-4C2D-8D4B-83784640D6E4}.Release|Any CPU.Build.0 = Release|Any CPU
		{9EC7EE29-DEAF-4390-A2E5-9917FAD9907B}.Debug|Any CPU.ActiveCfg = Debug|Any CPU
		{9EC7EE29-DEAF-4390-A2E5-9917FAD9907B}.Debug|Any CPU.Build.0 = Debug|Any CPU
		{9EC7EE29-DEAF-4390-A2E5-9917FAD9907B}.Release|Any CPU.ActiveCfg = Release|Any CPU
		{9EC7EE29-DEAF-4390-A2E5-9917FAD9907B}.Release|Any CPU.Build.0 = Release|Any CPU
		{EF1D110E-E00C-4171-B496-4E2198CD0234}.Debug|Any CPU.ActiveCfg = Debug|Any CPU
		{EF1D110E-E00C-4171-B496-4E2198CD0234}.Debug|Any CPU.Build.0 = Debug|Any CPU
		{EF1D110E-E00C-4171-B496-4E2198CD0234}.Release|Any CPU.ActiveCfg = Release|Any CPU
		{EF1D110E-E00C-4171-B496-4E2198CD0234}.Release|Any CPU.Build.0 = Release|Any CPU
		{9D0C6689-87DB-4232-82FA-18580DAA4E35}.Debug|Any CPU.ActiveCfg = Debug|Any CPU
		{9D0C6689-87DB-4232-82FA-18580DAA4E35}.Debug|Any CPU.Build.0 = Debug|Any CPU
		{9D0C6689-87DB-4232-82FA-18580DAA4E35}.Release|Any CPU.ActiveCfg = Release|Any CPU
		{9D0C6689-87DB-4232-82FA-18580DAA4E35}.Release|Any CPU.Build.0 = Release|Any CPU
		{C29B33F0-ABA2-464D-A802-BC42DD73ED94}.Debug|Any CPU.ActiveCfg = Debug|Any CPU
		{C29B33F0-ABA2-464D-A802-BC42DD73ED94}.Debug|Any CPU.Build.0 = Debug|Any CPU
		{C29B33F0-ABA2-464D-A802-BC42DD73ED94}.Release|Any CPU.ActiveCfg = Release|Any CPU
		{C29B33F0-ABA2-464D-A802-BC42DD73ED94}.Release|Any CPU.Build.0 = Release|Any CPU
		{7FDD3AB1-6288-498A-A0C6-729F734CF2D7}.Debug|Any CPU.ActiveCfg = Debug|Any CPU
		{7FDD3AB1-6288-498A-A0C6-729F734CF2D7}.Debug|Any CPU.Build.0 = Debug|Any CPU
		{7FDD3AB1-6288-498A-A0C6-729F734CF2D7}.Release|Any CPU.ActiveCfg = Release|Any CPU
		{7FDD3AB1-6288-498A-A0C6-729F734CF2D7}.Release|Any CPU.Build.0 = Release|Any CPU
	EndGlobalSection
	GlobalSection(SolutionProperties) = preSolution
		HideSolutionNode = FALSE
	EndGlobalSection
	GlobalSection(NestedProjects) = preSolution
		{7FDD3AB1-6288-498A-A0C6-729F734CF2D7} = {85BE030C-B394-4049-810A-A53C3CB13C1D}
	EndGlobalSection
	GlobalSection(ExtensibilityGlobals) = postSolution
		SolutionGuid = {A99BB0AC-2C42-4D73-B28F-D662A1280D31}
	EndGlobalSection
EndGlobal
