
Microsoft Visual Studio Solution File, Format Version 12.00
# Visual Studio Version 17
VisualStudioVersion = 17.0.31919.166
MinimumVisualStudioVersion = 10.0.40219.1
Project("{9A19103F-16F7-4668-BE54-9A1E7A4F7556}") = "EntityFrameworkMigrationGeneratorConsoleApp", "EntityFrameworkMigrationGeneratorConsoleApp\EntityFrameworkMigrationGeneratorConsoleApp.csproj", "{EF1D110E-E00C-4171-B496-4E2198CD0234}"
EndProject
Project("{2150E333-8FDC-42A3-9474-1A3956D46DE8}") = "Solution Items", "Solution Items", "{5A6BDBD4-EB8C-4F3A-BA03-68323E51262B}"
	ProjectSection(SolutionItems) = preProject
		GlobalAssemblyInfo.xml = GlobalAssemblyInfo.xml
	EndProjectSection
EndProject
Project("{2150E333-8FDC-42A3-9474-1A3956D46DE8}") = "Tests", "Tests", "{85BE030C-B394-4049-810A-A53C3CB13C1D}"
EndProject
Project("{2150E333-8FDC-42A3-9474-1A3956D46DE8}") = "Tools", "Tools", "{AF74FD00-C850-4DF6-8AB2-D3DC60D40678}"
EndProject
Project("{9A19103F-16F7-4668-BE54-9A1E7A4F7556}") = "Test.BusinessLogic.TwitchClient", "Test.BusinessLogic.TwitchClient\Test.BusinessLogic.TwitchClient.csproj", "{964F1012-2297-41FF-B427-4C95EEA8B268}"
EndProject
Project("{9A19103F-16F7-4668-BE54-9A1E7A4F7556}") = "Test.DataAccess", "Test.DataAccess\Test.DataAccess.csproj", "{31714C09-7AF2-46CE-B1D1-382A7F62829C}"
EndProject
Project("{9A19103F-16F7-4668-BE54-9A1E7A4F7556}") = "BusinessLogic", "BusinessLogic\BusinessLogic.csproj", "{4A717FDF-5F84-4AE8-9B5C-570F51F5923B}"
EndProject
Project("{9A19103F-16F7-4668-BE54-9A1E7A4F7556}") = "BusinessLogic.Model", "BusinessLogic.Model\BusinessLogic.Model.csproj", "{350191BC-7C8A-4349-A478-796C9714844E}"
EndProject
Project("{9A19103F-16F7-4668-BE54-9A1E7A4F7556}") = "BusinessLogic.TwitchClient", "BusinessLogic.TwitchClient\BusinessLogic.TwitchClient.csproj", "{27CEB5A0-504E-44BF-B10B-077CE82D4856}"
EndProject
Project("{9A19103F-16F7-4668-BE54-9A1E7A4F7556}") = "DataAccess", "DataAccess\DataAccess.csproj", "{5F22B1F1-0FF1-4950-BC06-A914F7D2FFA3}"
EndProject
Project("{9A19103F-16F7-4668-BE54-9A1E7A4F7556}") = "LolipWikiWebApplication", "LolipWikiWebApplication\LolipWikiWebApplication.csproj", "{ED2CD2C4-0BDB-4A10-91F6-1006579B5440}"
EndProject
Global
	GlobalSection(SolutionConfigurationPlatforms) = preSolution
		Debug|Any CPU = Debug|Any CPU
		Release|Any CPU = Release|Any CPU
	EndGlobalSection
	GlobalSection(ProjectConfigurationPlatforms) = postSolution
		{EF1D110E-E00C-4171-B496-4E2198CD0234}.Debug|Any CPU.ActiveCfg = Debug|Any CPU
		{EF1D110E-E00C-4171-B496-4E2198CD0234}.Debug|Any CPU.Build.0 = Debug|Any CPU
		{EF1D110E-E00C-4171-B496-4E2198CD0234}.Release|Any CPU.ActiveCfg = Release|Any CPU
		{EF1D110E-E00C-4171-B496-4E2198CD0234}.Release|Any CPU.Build.0 = Release|Any CPU
		{964F1012-2297-41FF-B427-4C95EEA8B268}.Debug|Any CPU.ActiveCfg = Debug|Any CPU
		{964F1012-2297-41FF-B427-4C95EEA8B268}.Debug|Any CPU.Build.0 = Debug|Any CPU
		{964F1012-2297-41FF-B427-4C95EEA8B268}.Release|Any CPU.ActiveCfg = Release|Any CPU
		{964F1012-2297-41FF-B427-4C95EEA8B268}.Release|Any CPU.Build.0 = Release|Any CPU
		{31714C09-7AF2-46CE-B1D1-382A7F62829C}.Debug|Any CPU.ActiveCfg = Debug|Any CPU
		{31714C09-7AF2-46CE-B1D1-382A7F62829C}.Debug|Any CPU.Build.0 = Debug|Any CPU
		{31714C09-7AF2-46CE-B1D1-382A7F62829C}.Release|Any CPU.ActiveCfg = Release|Any CPU
		{31714C09-7AF2-46CE-B1D1-382A7F62829C}.Release|Any CPU.Build.0 = Release|Any CPU
		{4A717FDF-5F84-4AE8-9B5C-570F51F5923B}.Debug|Any CPU.ActiveCfg = Debug|Any CPU
		{4A717FDF-5F84-4AE8-9B5C-570F51F5923B}.Debug|Any CPU.Build.0 = Debug|Any CPU
		{4A717FDF-5F84-4AE8-9B5C-570F51F5923B}.Release|Any CPU.ActiveCfg = Release|Any CPU
		{4A717FDF-5F84-4AE8-9B5C-570F51F5923B}.Release|Any CPU.Build.0 = Release|Any CPU
		{350191BC-7C8A-4349-A478-796C9714844E}.Debug|Any CPU.ActiveCfg = Debug|Any CPU
		{350191BC-7C8A-4349-A478-796C9714844E}.Debug|Any CPU.Build.0 = Debug|Any CPU
		{350191BC-7C8A-4349-A478-796C9714844E}.Release|Any CPU.ActiveCfg = Release|Any CPU
		{350191BC-7C8A-4349-A478-796C9714844E}.Release|Any CPU.Build.0 = Release|Any CPU
		{27CEB5A0-504E-44BF-B10B-077CE82D4856}.Debug|Any CPU.ActiveCfg = Debug|Any CPU
		{27CEB5A0-504E-44BF-B10B-077CE82D4856}.Debug|Any CPU.Build.0 = Debug|Any CPU
		{27CEB5A0-504E-44BF-B10B-077CE82D4856}.Release|Any CPU.ActiveCfg = Release|Any CPU
		{27CEB5A0-504E-44BF-B10B-077CE82D4856}.Release|Any CPU.Build.0 = Release|Any CPU
		{5F22B1F1-0FF1-4950-BC06-A914F7D2FFA3}.Debug|Any CPU.ActiveCfg = Debug|Any CPU
		{5F22B1F1-0FF1-4950-BC06-A914F7D2FFA3}.Debug|Any CPU.Build.0 = Debug|Any CPU
		{5F22B1F1-0FF1-4950-BC06-A914F7D2FFA3}.Release|Any CPU.ActiveCfg = Release|Any CPU
		{5F22B1F1-0FF1-4950-BC06-A914F7D2FFA3}.Release|Any CPU.Build.0 = Release|Any CPU
		{ED2CD2C4-0BDB-4A10-91F6-1006579B5440}.Debug|Any CPU.ActiveCfg = Debug|Any CPU
		{ED2CD2C4-0BDB-4A10-91F6-1006579B5440}.Debug|Any CPU.Build.0 = Debug|Any CPU
		{ED2CD2C4-0BDB-4A10-91F6-1006579B5440}.Release|Any CPU.ActiveCfg = Release|Any CPU
		{ED2CD2C4-0BDB-4A10-91F6-1006579B5440}.Release|Any CPU.Build.0 = Release|Any CPU
	EndGlobalSection
	GlobalSection(SolutionProperties) = preSolution
		HideSolutionNode = FALSE
	EndGlobalSection
	GlobalSection(NestedProjects) = preSolution
		{EF1D110E-E00C-4171-B496-4E2198CD0234} = {AF74FD00-C850-4DF6-8AB2-D3DC60D40678}
		{964F1012-2297-41FF-B427-4C95EEA8B268} = {85BE030C-B394-4049-810A-A53C3CB13C1D}
		{31714C09-7AF2-46CE-B1D1-382A7F62829C} = {85BE030C-B394-4049-810A-A53C3CB13C1D}
	EndGlobalSection
	GlobalSection(ExtensibilityGlobals) = postSolution
		SolutionGuid = {A99BB0AC-2C42-4D73-B28F-D662A1280D31}
	EndGlobalSection
EndGlobal
